
Microsoft Visual Studio Solution File, Format Version 12.00
# Visual Studio 15
Project("{FAE04EC0-301F-11D3-BF4B-00C04F79EFBC}") = "Assembly-CSharp", "Assembly-CSharp.csproj", "{FC91840A-6EB9-9E85-7F36-0CC0526AB993}"
EndProject
Project("{FAE04EC0-301F-11D3-BF4B-00C04F79EFBC}") = "Assembly-CSharp-Editor", "Assembly-CSharp-Editor.csproj", "{BF68BE3C-8D79-BB09-9E37-6EB14170C65D}"
EndProject
Global
	GlobalSection(SolutionConfigurationPlatforms) = preSolution
		Debug|Any CPU = Debug|Any CPU
		Release|Any CPU = Release|Any CPU
	EndGlobalSection
	GlobalSection(ProjectConfigurationPlatforms) = postSolution
		{FC91840A-6EB9-9E85-7F36-0CC0526AB993}.Debug|Any CPU.ActiveCfg = Debug|Any CPU
		{FC91840A-6EB9-9E85-7F36-0CC0526AB993}.Debug|Any CPU.Build.0 = Debug|Any CPU
		{FC91840A-6EB9-9E85-7F36-0CC0526AB993}.Release|Any CPU.ActiveCfg = Release|Any CPU
		{FC91840A-6EB9-9E85-7F36-0CC0526AB993}.Release|Any CPU.Build.0 = Release|Any CPU
		{BF68BE3C-8D79-BB09-9E37-6EB14170C65D}.Debug|Any CPU.ActiveCfg = Debug|Any CPU
		{BF68BE3C-8D79-BB09-9E37-6EB14170C65D}.Debug|Any CPU.Build.0 = Debug|Any CPU
		{BF68BE3C-8D79-BB09-9E37-6EB14170C65D}.Release|Any CPU.ActiveCfg = Release|Any CPU
		{BF68BE3C-8D79-BB09-9E37-6EB14170C65D}.Release|Any CPU.Build.0 = Release|Any CPU
	EndGlobalSection
	GlobalSection(SolutionProperties) = preSolution
		HideSolutionNode = FALSE
	EndGlobalSection
EndGlobal
